
Microsoft Visual Studio Solution File, Format Version 12.00
Project("{FAE04EC0-301F-11D3-BF4B-00C04F79EFBC}") = "Kata1", "Kata1\Kata1.csproj", "{CF898925-EF8B-4EEC-9505-2E4605EDB49A}"
EndProject
Global
	GlobalSection(SolutionConfigurationPlatforms) = preSolution
		Debug|Any CPU = Debug|Any CPU
		Release|Any CPU = Release|Any CPU
	EndGlobalSection
	GlobalSection(ProjectConfigurationPlatforms) = postSolution
		{CF898925-EF8B-4EEC-9505-2E4605EDB49A}.Debug|Any CPU.ActiveCfg = Debug|Any CPU
		{CF898925-EF8B-4EEC-9505-2E4605EDB49A}.Debug|Any CPU.Build.0 = Debug|Any CPU
		{CF898925-EF8B-4EEC-9505-2E4605EDB49A}.Release|Any CPU.ActiveCfg = Release|Any CPU
		{CF898925-EF8B-4EEC-9505-2E4605EDB49A}.Release|Any CPU.Build.0 = Release|Any CPU
	EndGlobalSection
EndGlobal
